PODS:
  - Flutter (1.0.0)
  - sherpa_onnx_ios (1.13.4):
    - Flutter

DEPENDENCIES:
  - Flutter (from `Flutter`)
  - sherpa_onnx_ios (from `.symlinks/plugins/sherpa_onnx_ios/ios`)

EXTERNAL SOURCES:
  Flutter:
    :path: Flutter
  sherpa_onnx_ios:
    :path: ".symlinks/plugins/sherpa_onnx_ios/ios"

SPEC CHECKSUMS:
  Flutter: 71a624a5bc0c04062bf19101d501e466baf2fb47
  sherpa_onnx_ios: 741d7077c38fb6d575f03f560bf44575d6cf9b9b

PODFILE CHECKSUM: 53a6aebc29ccee84c41f92f409fc20cd4ca011f1

COCOAPODS: 1.17.0
